{
    "_readme": [
        "This file locks the dependencies of your project to a known state",
        "Read more about it at https://getcomposer.org/doc/01-basic-usage.md#installing-dependencies",
        "This file is @generated automatically"
    ],
    "content-hash": "753816de5d9e470b8ce9a7439e36cdd7",
    "packages": [
        {
            "name": "ephect-io/forms",
            "version": "dev-develop",
            "source": {
                "type": "git",
                "url": "https://github.com/ephect-io/forms.git",
                "reference": "03a9b0fded183513a2f375f795a20a89fb1672f6"
            },
            "dist": {
                "type": "zip",
                "url": "https://api.github.com/repos/ephect-io/forms/zipball/03a9b0fded183513a2f375f795a20a89fb1672f6",
                "reference": "03a9b0fded183513a2f375f795a20a89fb1672f6",
                "shasum": ""
            },
            "require": {
                "ephect-io/framework": "dev-develop"
            },
            "bin": [
                "bin/ephect-io_forms_install.sh",
                "bin/ephect-io_forms_install.bat"
            ],
            "type": "library",
            "notification-url": "https://packagist.org/downloads/",
            "license": [
                "GPL-3.0+"
            ],
            "authors": [
                {
                    "name": "John Doe",
                    "email": "john.doe@example.com"
                }
            ],
            "homepage": "https://example.com",
            "support": {
                "issues": "https://github.com/ephect-io/forms/issues",
                "source": "https://github.com/ephect-io/forms/tree/develop"
            },
            "time": "2024-09-02T18:25:01+00:00"
        },
        {
            "name": "ephect-io/framework",
            "version": "dev-develop",
            "source": {
                "type": "git",
                "url": "https://github.com/ephect-io/framework.git",
                "reference": "cbb2b12c1738717850e655664da1e08de4cc22ac"
            },
            "dist": {
                "type": "zip",
                "url": "https://api.github.com/repos/ephect-io/framework/zipball/cbb2b12c1738717850e655664da1e08de4cc22ac",
                "reference": "cbb2b12c1738717850e655664da1e08de4cc22ac",
                "shasum": ""
            },
            "require": {
                "ext-curl": "*",
                "ext-iconv": "*",
                "ext-mysqlnd": "*",
                "ext-pdo": "*",
                "ext-readline": "*",
                "ext-sqlite3": "*",
                "ext-zip": "*",
                "php": "^8.2"
            },
            "type": "library",
            "notification-url": "https://packagist.org/downloads/",
            "license": [
                "GPL-3.0+"
            ],
            "authors": [
                {
                    "name": "David Blanchard",
                    "email": "dpjb@hotmail.fr",
                    "homepage": "https://ephect.io",
                    "role": "Creator"
                }
            ],
            "description": "Effective PHP",
            "homepage": "https://ephect.io",
            "support": {
                "issues": "https://github.com/ephect-io/framework/issues",
                "source": "https://github.com/ephect-io/framework/tree/develop"
            },
            "time": "2024-08-24T08:39:18+00:00"
        },
        {
            "name": "ephect-io/html-keeper",
            "version": "dev-develop",
            "source": {
                "type": "git",
                "url": "https://github.com/ephect-io/html-keeper.git",
                "reference": "df89b3763576e6599c34d65d381f05c869d8e9f1"
            },
            "dist": {
                "type": "zip",
                "url": "https://api.github.com/repos/ephect-io/html-keeper/zipball/df89b3763576e6599c34d65d381f05c869d8e9f1",
                "reference": "df89b3763576e6599c34d65d381f05c869d8e9f1",
                "shasum": ""
            },
            "require": {
                "ephect-io/forms": "dev-develop",
                "ephect-io/framework": "dev-develop"
            },
            "bin": [
                "bin/ephect-io_html-keeper_install.sh",
                "bin/ephect-io_html-keeper_install.bat"
            ],
            "type": "library",
            "notification-url": "https://packagist.org/downloads/",
            "license": [
                "GPL-3.0+"
            ],
            "authors": [
                {
                    "name": "John Doe",
                    "email": "john.doe@example.com"
                }
            ],
            "homepage": "https://example.com",
            "support": {
                "issues": "https://github.com/ephect-io/html-keeper/issues",
                "source": "https://github.com/ephect-io/html-keeper/tree/develop"
            },
            "time": "2024-09-04T10:00:45+00:00"
        },
        {
            "name": "ephect-io/javascripts",
            "version": "dev-develop",
            "source": {
                "type": "git",
                "url": "https://github.com/ephect-io/javascripts.git",
                "reference": "c1bbc2d97278300fa3923db9bc9b1fc749e2819c"
            },
            "dist": {
                "type": "zip",
                "url": "https://api.github.com/repos/ephect-io/javascripts/zipball/c1bbc2d97278300fa3923db9bc9b1fc749e2819c",
                "reference": "c1bbc2d97278300fa3923db9bc9b1fc749e2819c",
                "shasum": ""
            },
            "require": {
                "ephect-io/framework": "dev-develop"
            },
            "bin": [
                "bin/ephect-io_javascripts_install.sh",
                "bin/ephect-io_javascripts_install.bat"
            ],
            "type": "library",
            "autoload": {
                "psr-4": {
                    "Ephect\\JavaScripts\\": "src/"
                }
            },
            "notification-url": "https://packagist.org/downloads/",
            "license": [
                "GPL-3.0+"
            ],
            "authors": [
                {
                    "name": "John Doe",
                    "email": "john.doe@example.com"
                }
            ],
            "homepage": "https://example.com",
            "support": {
                "issues": "https://github.com/ephect-io/javascripts/issues",
                "source": "https://github.com/ephect-io/javascripts/tree/develop"
            },
            "time": "2024-09-02T18:25:00+00:00"
        },
        {
            "name": "ephect-io/response-header",
            "version": "dev-develop",
            "source": {
                "type": "git",
                "url": "https://github.com/ephect-io/response-header.git",
                "reference": "c9de3faf81a96a73e8c5c6f9239785326c0665e1"
            },
            "dist": {
                "type": "zip",
                "url": "https://api.github.com/repos/ephect-io/response-header/zipball/c9de3faf81a96a73e8c5c6f9239785326c0665e1",
                "reference": "c9de3faf81a96a73e8c5c6f9239785326c0665e1",
                "shasum": ""
            },
            "require": {
                "ephect-io/forms": "dev-develop",
                "ephect-io/framework": "dev-develop"
            },
            "bin": [
                "bin/ephect-io_response-header_install.sh",
                "bin/ephect-io_response-header_install.bat"
            ],
            "type": "library",
            "notification-url": "https://packagist.org/downloads/",
            "license": [
                "GPL-3.0+"
            ],
            "authors": [
                {
                    "name": "John Doe",
                    "email": "john.doe@example.com"
                }
            ],
            "homepage": "https://example.com",
            "support": {
                "issues": "https://github.com/ephect-io/response-header/issues",
                "source": "https://github.com/ephect-io/response-header/tree/develop"
            },
            "time": "2024-09-04T10:00:44+00:00"
        },
        {
            "name": "ephect-io/router",
            "version": "dev-develop",
            "source": {
                "type": "git",
                "url": "https://github.com/ephect-io/router.git",
                "reference": "a0a7d26b363957d60257fa057a2827a7b8086776"
            },
            "dist": {
                "type": "zip",
                "url": "https://api.github.com/repos/ephect-io/router/zipball/a0a7d26b363957d60257fa057a2827a7b8086776",
                "reference": "a0a7d26b363957d60257fa057a2827a7b8086776",
                "shasum": ""
            },
            "require": {
                "ephect-io/forms": "dev-develop",
                "ephect-io/framework": "dev-develop"
            },
            "bin": [
                "bin/ephect-io_router_install.sh",
                "bin/ephect-io_router_install.bat"
            ],
            "type": "library",
            "notification-url": "https://packagist.org/downloads/",
            "license": [
                "GPL-3.0+"
            ],
            "authors": [
                {
                    "name": "John Doe",
                    "email": "john.doe@example.com"
                }
            ],
            "homepage": "https://example.com",
            "support": {
                "issues": "https://github.com/ephect-io/router/issues",
                "source": "https://github.com/ephect-io/router/tree/develop"
            },
            "time": "2024-09-04T10:00:46+00:00"
        },
        {
            "name": "ephect-io/web-app",
            "version": "dev-develop",
            "source": {
                "type": "git",
                "url": "https://github.com/ephect-io/web-app.git",
                "reference": "7cba816f3db5ed423ebe2a4539069c9933b8dabf"
            },
            "dist": {
                "type": "zip",
                "url": "https://api.github.com/repos/ephect-io/web-app/zipball/7cba816f3db5ed423ebe2a4539069c9933b8dabf",
                "reference": "7cba816f3db5ed423ebe2a4539069c9933b8dabf",
                "shasum": ""
            },
            "require": {
                "ephect-io/forms": "dev-develop",
                "ephect-io/framework": "dev-develop",
                "ephect-io/router": "dev-develop"
            },
            "bin": [
                "bin/ephect-io_web-app_install.sh",
                "bin/ephect-io_web-app_install.bat"
            ],
            "type": "library",
            "notification-url": "https://packagist.org/downloads/",
            "license": [
                "GPL-3.0+"
            ],
            "authors": [
                {
                    "name": "John Doe",
                    "email": "john.doe@example.com"
                }
            ],
            "homepage": "https://example.com",
            "support": {
                "issues": "https://github.com/ephect-io/web-app/issues",
                "source": "https://github.com/ephect-io/web-app/tree/develop"
            },
            "time": "2024-09-04T10:01:42+00:00"
        },
        {
            "name": "ephect-io/web-component",
            "version": "dev-develop",
            "source": {
                "type": "git",
                "url": "https://github.com/ephect-io/web-component.git",
                "reference": "2c8e43564e680d1c5dec56c9b9e41c0f3f277a6d"
            },
            "dist": {
                "type": "zip",
                "url": "https://api.github.com/repos/ephect-io/web-component/zipball/2c8e43564e680d1c5dec56c9b9e41c0f3f277a6d",
                "reference": "2c8e43564e680d1c5dec56c9b9e41c0f3f277a6d",
                "shasum": ""
            },
            "require": {
                "ephect-io/forms": "dev-develop",
                "ephect-io/framework": "dev-develop"
            },
            "bin": [
                "bin/ephect-io_web-component_install.sh",
                "bin/ephect-io_web-component_install.bat"
            ],
            "type": "library",
            "notification-url": "https://packagist.org/downloads/",
            "license": [
                "GPL-3.0+"
            ],
            "authors": [
                {
                    "name": "dpjb",
                    "email": "dpjb@hotmail.fr"
                }
            ],
            "description": "An Ephect framework plugin to build web components.",
            "homepage": "https://ephect.io",
            "support": {
                "issues": "https://github.com/ephect-io/web-component/issues",
                "source": "https://github.com/ephect-io/web-component/tree/develop"
            },
            "time": "2024-09-04T10:00:45+00:00"
        }
    ],
    "packages-dev": [],
    "aliases": [],
    "minimum-stability": "dev",
    "stability-flags": {
        "ephect-io/framework": 20,
        "ephect-io/forms": 20,
        "ephect-io/web-app": 20,
        "ephect-io/web-component": 20,
        "ephect-io/html-keeper": 20,
        "ephect-io/response-header": 20,
        "ephect-io/javascripts": 20
    },
    "prefer-stable": false,
    "prefer-lowest": false,
    "platform": [],
    "platform-dev": [],
    "plugin-api-version": "2.6.0"
}
