{
    "_readme": [
        "This file locks the dependencies of your project to a known state",
        "Read more about it at https://getcomposer.org/doc/01-basic-usage.md#installing-dependencies",
        "This file is @generated automatically"
    ],
    "content-hash": "753816de5d9e470b8ce9a7439e36cdd7",
    "packages": [
        {
            "name": "ephect-io/forms",
            "version": "dev-develop",
            "source": {
                "type": "git",
                "url": "https://github.com/ephect-io/forms.git",
                "reference": "2f07f6e71a6629431b9bc66d3f9099d59bae5210"
            },
            "dist": {
                "type": "zip",
                "url": "https://api.github.com/repos/ephect-io/forms/zipball/2f07f6e71a6629431b9bc66d3f9099d59bae5210",
                "reference": "2f07f6e71a6629431b9bc66d3f9099d59bae5210",
                "shasum": ""
            },
            "require": {
                "ephect-io/framework": "dev-develop"
            },
            "bin": [
                "bin/ephect-io_forms_install.sh",
                "bin/ephect-io_forms_install.bat"
            ],
            "type": "library",
            "notification-url": "https://packagist.org/downloads/",
            "license": [
                "GPL-3.0+"
            ],
            "authors": [
                {
                    "name": "John Doe",
                    "email": "john.doe@example.com"
                }
            ],
            "homepage": "https://example.com",
            "support": {
                "issues": "https://github.com/ephect-io/forms/issues",
                "source": "https://github.com/ephect-io/forms/tree/develop"
            },
            "time": "2024-09-03T11:16:21+00:00"
        },
        {
            "name": "ephect-io/framework",
            "version": "dev-develop",
            "source": {
                "type": "git",
                "url": "https://github.com/ephect-io/framework.git",
                "reference": "cbb2b12c1738717850e655664da1e08de4cc22ac"
            },
            "dist": {
                "type": "zip",
                "url": "https://api.github.com/repos/ephect-io/framework/zipball/cbb2b12c1738717850e655664da1e08de4cc22ac",
                "reference": "cbb2b12c1738717850e655664da1e08de4cc22ac",
                "shasum": ""
            },
            "require": {
                "ext-curl": "*",
                "ext-iconv": "*",
                "ext-mysqlnd": "*",
                "ext-pdo": "*",
                "ext-readline": "*",
                "ext-sqlite3": "*",
                "ext-zip": "*",
                "php": "^8.2"
            },
            "type": "library",
            "notification-url": "https://packagist.org/downloads/",
            "license": [
                "GPL-3.0+"
            ],
            "authors": [
                {
                    "name": "David Blanchard",
                    "email": "dpjb@hotmail.fr",
                    "homepage": "https://ephect.io",
                    "role": "Creator"
                }
            ],
            "description": "Effective PHP",
            "homepage": "https://ephect.io",
            "support": {
                "issues": "https://github.com/ephect-io/framework/issues",
                "source": "https://github.com/ephect-io/framework/tree/develop"
            },
            "time": "2024-08-24T08:39:18+00:00"
        },
        {
            "name": "ephect-io/html-keeper",
            "version": "dev-develop",
            "source": {
                "type": "git",
                "url": "https://github.com/ephect-io/html-keeper.git",
                "reference": "d466de73fbcf6e94238d598e352fdc2a2ed2458a"
            },
            "dist": {
                "type": "zip",
                "url": "https://api.github.com/repos/ephect-io/html-keeper/zipball/d466de73fbcf6e94238d598e352fdc2a2ed2458a",
                "reference": "d466de73fbcf6e94238d598e352fdc2a2ed2458a",
                "shasum": ""
            },
            "require": {
                "ephect-io/forms": "dev-develop",
                "ephect-io/framework": "dev-develop"
            },
            "bin": [
                "bin/ephect-io_html-keeper_install.sh",
                "bin/ephect-io_html-keeper_install.bat"
            ],
            "type": "library",
            "notification-url": "https://packagist.org/downloads/",
            "license": [
                "GPL-3.0+"
            ],
            "authors": [
                {
                    "name": "John Doe",
                    "email": "john.doe@example.com"
                }
            ],
            "homepage": "https://example.com",
            "support": {
                "issues": "https://github.com/ephect-io/html-keeper/issues",
                "source": "https://github.com/ephect-io/html-keeper/tree/develop"
            },
            "time": "2024-09-02T18:35:01+00:00"
        },
        {
            "name": "ephect-io/javascripts",
            "version": "dev-develop",
            "source": {
                "type": "git",
                "url": "https://github.com/ephect-io/javascripts.git",
                "reference": "c1bbc2d97278300fa3923db9bc9b1fc749e2819c"
            },
            "dist": {
                "type": "zip",
                "url": "https://api.github.com/repos/ephect-io/javascripts/zipball/c1bbc2d97278300fa3923db9bc9b1fc749e2819c",
                "reference": "c1bbc2d97278300fa3923db9bc9b1fc749e2819c",
                "shasum": ""
            },
            "require": {
                "ephect-io/framework": "dev-develop"
            },
            "bin": [
                "bin/ephect-io_javascripts_install.sh",
                "bin/ephect-io_javascripts_install.bat"
            ],
            "type": "library",
            "autoload": {
                "psr-4": {
                    "Ephect\\JavaScripts\\": "src/"
                }
            },
            "notification-url": "https://packagist.org/downloads/",
            "license": [
                "GPL-3.0+"
            ],
            "authors": [
                {
                    "name": "John Doe",
                    "email": "john.doe@example.com"
                }
            ],
            "homepage": "https://example.com",
            "support": {
                "issues": "https://github.com/ephect-io/javascripts/issues",
                "source": "https://github.com/ephect-io/javascripts/tree/develop"
            },
            "time": "2024-09-02T18:25:00+00:00"
        },
        {
            "name": "ephect-io/response-header",
            "version": "dev-develop",
            "source": {
                "type": "git",
                "url": "https://github.com/ephect-io/response-header.git",
                "reference": "3ff0636e7d586a2c053cee81ccee1cce875266cf"
            },
            "dist": {
                "type": "zip",
                "url": "https://api.github.com/repos/ephect-io/response-header/zipball/3ff0636e7d586a2c053cee81ccee1cce875266cf",
                "reference": "3ff0636e7d586a2c053cee81ccee1cce875266cf",
                "shasum": ""
            },
            "require": {
                "ephect-io/forms": "dev-develop",
                "ephect-io/framework": "dev-develop"
            },
            "bin": [
                "bin/ephect-io_response-header_install.sh",
                "bin/ephect-io_response-header_install.bat"
            ],
            "type": "library",
            "notification-url": "https://packagist.org/downloads/",
            "license": [
                "GPL-3.0+"
            ],
            "authors": [
                {
                    "name": "John Doe",
                    "email": "john.doe@example.com"
                }
            ],
            "homepage": "https://example.com",
            "support": {
                "issues": "https://github.com/ephect-io/response-header/issues",
                "source": "https://github.com/ephect-io/response-header/tree/develop"
            },
            "time": "2024-09-02T18:35:01+00:00"
        },
        {
            "name": "ephect-io/router",
            "version": "dev-develop",
            "source": {
                "type": "git",
                "url": "https://github.com/ephect-io/router.git",
                "reference": "bfbd4c278a9d5fc1bab662bf77e315136cb76bc7"
            },
            "dist": {
                "type": "zip",
                "url": "https://api.github.com/repos/ephect-io/router/zipball/bfbd4c278a9d5fc1bab662bf77e315136cb76bc7",
                "reference": "bfbd4c278a9d5fc1bab662bf77e315136cb76bc7",
                "shasum": ""
            },
            "require": {
                "ephect-io/forms": "dev-develop",
                "ephect-io/framework": "dev-develop"
            },
            "bin": [
                "bin/ephect-io_router_install.sh",
                "bin/ephect-io_router_install.bat"
            ],
            "type": "library",
            "notification-url": "https://packagist.org/downloads/",
            "license": [
                "GPL-3.0+"
            ],
            "authors": [
                {
                    "name": "John Doe",
                    "email": "john.doe@example.com"
                }
            ],
            "homepage": "https://example.com",
            "support": {
                "issues": "https://github.com/ephect-io/router/issues",
                "source": "https://github.com/ephect-io/router/tree/develop"
            },
            "time": "2024-09-03T14:10:08+00:00"
        },
        {
            "name": "ephect-io/web-app",
            "version": "dev-develop",
            "source": {
                "type": "git",
                "url": "https://github.com/ephect-io/web-app.git",
                "reference": "066bf9f3b321318b5709ce9337e3a4850cb36db7"
            },
            "dist": {
                "type": "zip",
                "url": "https://api.github.com/repos/ephect-io/web-app/zipball/066bf9f3b321318b5709ce9337e3a4850cb36db7",
                "reference": "066bf9f3b321318b5709ce9337e3a4850cb36db7",
                "shasum": ""
            },
            "require": {
                "ephect-io/forms": "dev-develop",
                "ephect-io/framework": "dev-develop",
                "ephect-io/router": "dev-develop"
            },
            "bin": [
                "bin/ephect-io_web-app_install.sh",
                "bin/ephect-io_web-app_install.bat"
            ],
            "type": "library",
            "notification-url": "https://packagist.org/downloads/",
            "license": [
                "GPL-3.0+"
            ],
            "authors": [
                {
                    "name": "John Doe",
                    "email": "john.doe@example.com"
                }
            ],
            "homepage": "https://example.com",
            "support": {
                "issues": "https://github.com/ephect-io/web-app/issues",
                "source": "https://github.com/ephect-io/web-app/tree/develop"
            },
            "time": "2024-09-03T14:14:13+00:00"
        },
        {
            "name": "ephect-io/web-component",
            "version": "dev-develop",
            "source": {
                "type": "git",
                "url": "https://github.com/ephect-io/web-component.git",
                "reference": "4bc26d09c82681a3a0e79ca431d6e76ed21d642a"
            },
            "dist": {
                "type": "zip",
                "url": "https://api.github.com/repos/ephect-io/web-component/zipball/4bc26d09c82681a3a0e79ca431d6e76ed21d642a",
                "reference": "4bc26d09c82681a3a0e79ca431d6e76ed21d642a",
                "shasum": ""
            },
            "require": {
                "ephect-io/forms": "dev-develop",
                "ephect-io/framework": "dev-develop"
            },
            "bin": [
                "bin/ephect-io_web-component_install.sh",
                "bin/ephect-io_web-component_install.bat"
            ],
            "type": "library",
            "notification-url": "https://packagist.org/downloads/",
            "license": [
                "GPL-3.0+"
            ],
            "authors": [
                {
                    "name": "dpjb",
                    "email": "dpjb@hotmail.fr"
                }
            ],
            "description": "An Ephect framework plugin to build web components.",
            "homepage": "https://ephect.io",
            "support": {
                "issues": "https://github.com/ephect-io/web-component/issues",
                "source": "https://github.com/ephect-io/web-component/tree/develop"
            },
            "time": "2024-09-02T18:35:33+00:00"
        }
    ],
    "packages-dev": [],
    "aliases": [],
    "minimum-stability": "dev",
    "stability-flags": {
        "ephect-io/framework": 20,
        "ephect-io/forms": 20,
        "ephect-io/web-app": 20,
        "ephect-io/web-component": 20,
        "ephect-io/html-keeper": 20,
        "ephect-io/response-header": 20,
        "ephect-io/javascripts": 20
    },
    "prefer-stable": false,
    "prefer-lowest": false,
    "platform": [],
    "platform-dev": [],
    "plugin-api-version": "2.6.0"
}
