{
    "_readme": [
        "This file locks the dependencies of your project to a known state",
        "Read more about it at https://getcomposer.org/doc/01-basic-usage.md#installing-dependencies",
        "This file is @generated automatically"
    ],
    "content-hash": "753816de5d9e470b8ce9a7439e36cdd7",
    "packages": [
        {
            "name": "ephect-io/forms",
            "version": "dev-develop",
            "source": {
                "type": "git",
                "url": "https://github.com/ephect-io/forms.git",
                "reference": "af029839e44b6ff175ad39f44c568a3cc41cc93a"
            },
            "dist": {
                "type": "zip",
                "url": "https://api.github.com/repos/ephect-io/forms/zipball/af029839e44b6ff175ad39f44c568a3cc41cc93a",
                "reference": "af029839e44b6ff175ad39f44c568a3cc41cc93a",
                "shasum": ""
            },
            "require": {
                "ephect-io/framework": "dev-develop"
            },
            "bin": [
                "bin/ephect-io_forms_install.sh",
                "bin/ephect-io_forms_install.bat"
            ],
            "type": "library",
            "notification-url": "https://packagist.org/downloads/",
            "license": [
                "GPL-3.0+"
            ],
            "authors": [
                {
                    "name": "John Doe",
                    "email": "john.doe@example.com"
                }
            ],
            "homepage": "https://example.com",
            "support": {
                "issues": "https://github.com/ephect-io/forms/issues",
                "source": "https://github.com/ephect-io/forms/tree/develop"
            },
            "time": "2024-08-24T11:56:51+00:00"
        },
        {
            "name": "ephect-io/framework",
            "version": "dev-develop",
            "source": {
                "type": "git",
                "url": "https://github.com/ephect-io/framework.git",
                "reference": "cbb2b12c1738717850e655664da1e08de4cc22ac"
            },
            "dist": {
                "type": "zip",
                "url": "https://api.github.com/repos/ephect-io/framework/zipball/cbb2b12c1738717850e655664da1e08de4cc22ac",
                "reference": "cbb2b12c1738717850e655664da1e08de4cc22ac",
                "shasum": ""
            },
            "require": {
                "ext-curl": "*",
                "ext-iconv": "*",
                "ext-mysqlnd": "*",
                "ext-pdo": "*",
                "ext-readline": "*",
                "ext-sqlite3": "*",
                "ext-zip": "*",
                "php": "^8.2"
            },
            "type": "library",
            "notification-url": "https://packagist.org/downloads/",
            "license": [
                "GPL-3.0+"
            ],
            "authors": [
                {
                    "name": "David Blanchard",
                    "email": "dpjb@hotmail.fr",
                    "homepage": "https://ephect.io",
                    "role": "Creator"
                }
            ],
            "description": "Effective PHP",
            "homepage": "https://ephect.io",
            "support": {
                "issues": "https://github.com/ephect-io/framework/issues",
                "source": "https://github.com/ephect-io/framework/tree/develop"
            },
            "time": "2024-08-24T08:39:18+00:00"
        },
        {
            "name": "ephect-io/html-keeper",
            "version": "dev-develop",
            "source": {
                "type": "git",
                "url": "https://github.com/ephect-io/html-keeper.git",
                "reference": "5278e2419f9ddacd410fee7c7c9c19c0db36f309"
            },
            "dist": {
                "type": "zip",
                "url": "https://api.github.com/repos/ephect-io/html-keeper/zipball/5278e2419f9ddacd410fee7c7c9c19c0db36f309",
                "reference": "5278e2419f9ddacd410fee7c7c9c19c0db36f309",
                "shasum": ""
            },
            "require": {
                "ephect-io/forms": "dev-develop",
                "ephect-io/framework": "dev-develop"
            },
            "bin": [
                "bin/ephect-io_html-keeper_install.sh",
                "bin/ephect-io_html-keeper_install.bat"
            ],
            "type": "library",
            "notification-url": "https://packagist.org/downloads/",
            "license": [
                "GPL-3.0+"
            ],
            "authors": [
                {
                    "name": "John Doe",
                    "email": "john.doe@example.com"
                }
            ],
            "homepage": "https://example.com",
            "support": {
                "issues": "https://github.com/ephect-io/html-keeper/issues",
                "source": "https://github.com/ephect-io/html-keeper/tree/develop"
            },
            "time": "2024-08-24T12:03:46+00:00"
        },
        {
            "name": "ephect-io/javascripts",
            "version": "dev-develop",
            "source": {
                "type": "git",
                "url": "https://github.com/ephect-io/javascripts.git",
                "reference": "41d467a4c79f0e8fd5e23555d2c1da20c7d2de24"
            },
            "dist": {
                "type": "zip",
                "url": "https://api.github.com/repos/ephect-io/javascripts/zipball/41d467a4c79f0e8fd5e23555d2c1da20c7d2de24",
                "reference": "41d467a4c79f0e8fd5e23555d2c1da20c7d2de24",
                "shasum": ""
            },
            "require": {
                "ephect-io/framework": "dev-develop"
            },
            "bin": [
                "bin/ephect-io_javascripts_install.sh",
                "bin/ephect-io_javascripts_install.bat"
            ],
            "type": "library",
            "autoload": {
                "psr-4": {
                    "Ephect\\JavaScripts\\": "src/"
                }
            },
            "notification-url": "https://packagist.org/downloads/",
            "license": [
                "GPL-3.0+"
            ],
            "authors": [
                {
                    "name": "John Doe",
                    "email": "john.doe@example.com"
                }
            ],
            "homepage": "https://example.com",
            "support": {
                "issues": "https://github.com/ephect-io/javascripts/issues",
                "source": "https://github.com/ephect-io/javascripts/tree/develop"
            },
            "time": "2024-08-24T11:56:50+00:00"
        },
        {
            "name": "ephect-io/response-header",
            "version": "dev-develop",
            "source": {
                "type": "git",
                "url": "https://github.com/ephect-io/response-header.git",
                "reference": "bdd2fdb8a33c6f5994381a39fff065914ac5f4ce"
            },
            "dist": {
                "type": "zip",
                "url": "https://api.github.com/repos/ephect-io/response-header/zipball/bdd2fdb8a33c6f5994381a39fff065914ac5f4ce",
                "reference": "bdd2fdb8a33c6f5994381a39fff065914ac5f4ce",
                "shasum": ""
            },
            "require": {
                "ephect-io/forms": "dev-develop",
                "ephect-io/framework": "dev-develop"
            },
            "bin": [
                "bin/ephect-io_response-header_install.sh",
                "bin/ephect-io_response-header_install.bat"
            ],
            "type": "library",
            "notification-url": "https://packagist.org/downloads/",
            "license": [
                "GPL-3.0+"
            ],
            "authors": [
                {
                    "name": "John Doe",
                    "email": "john.doe@example.com"
                }
            ],
            "homepage": "https://example.com",
            "support": {
                "issues": "https://github.com/ephect-io/response-header/issues",
                "source": "https://github.com/ephect-io/response-header/tree/develop"
            },
            "time": "2024-08-24T12:03:46+00:00"
        },
        {
            "name": "ephect-io/router",
            "version": "dev-develop",
            "source": {
                "type": "git",
                "url": "https://github.com/ephect-io/router.git",
                "reference": "ccd624d7bcaef4ae275f54345c90ee907fcef0e2"
            },
            "dist": {
                "type": "zip",
                "url": "https://api.github.com/repos/ephect-io/router/zipball/ccd624d7bcaef4ae275f54345c90ee907fcef0e2",
                "reference": "ccd624d7bcaef4ae275f54345c90ee907fcef0e2",
                "shasum": ""
            },
            "require": {
                "ephect-io/forms": "dev-develop",
                "ephect-io/framework": "dev-develop"
            },
            "bin": [
                "bin/ephect-io_router_install.sh",
                "bin/ephect-io_router_install.bat"
            ],
            "type": "library",
            "notification-url": "https://packagist.org/downloads/",
            "license": [
                "GPL-3.0+"
            ],
            "authors": [
                {
                    "name": "John Doe",
                    "email": "john.doe@example.com"
                }
            ],
            "homepage": "https://example.com",
            "support": {
                "issues": "https://github.com/ephect-io/router/issues",
                "source": "https://github.com/ephect-io/router/tree/develop"
            },
            "time": "2024-08-24T11:59:50+00:00"
        },
        {
            "name": "ephect-io/web-app",
            "version": "dev-develop",
            "source": {
                "type": "git",
                "url": "https://github.com/ephect-io/web-app.git",
                "reference": "c6bc40d1974d2506594ccbb2e4e46567f69f06ac"
            },
            "dist": {
                "type": "zip",
                "url": "https://api.github.com/repos/ephect-io/web-app/zipball/c6bc40d1974d2506594ccbb2e4e46567f69f06ac",
                "reference": "c6bc40d1974d2506594ccbb2e4e46567f69f06ac",
                "shasum": ""
            },
            "require": {
                "ephect-io/forms": "dev-develop",
                "ephect-io/framework": "dev-develop",
                "ephect-io/router": "dev-develop"
            },
            "bin": [
                "bin/ephect-io_web-app_install.sh",
                "bin/ephect-io_web-app_install.bat"
            ],
            "type": "library",
            "notification-url": "https://packagist.org/downloads/",
            "license": [
                "GPL-3.0+"
            ],
            "authors": [
                {
                    "name": "John Doe",
                    "email": "john.doe@example.com"
                }
            ],
            "homepage": "https://example.com",
            "support": {
                "issues": "https://github.com/ephect-io/web-app/issues",
                "source": "https://github.com/ephect-io/web-app/tree/develop"
            },
            "time": "2024-08-24T12:03:46+00:00"
        },
        {
            "name": "ephect-io/web-component",
            "version": "dev-develop",
            "source": {
                "type": "git",
                "url": "https://github.com/ephect-io/web-component.git",
                "reference": "48d862f52e1c5d028a9ab5c3559cee0c9941fe05"
            },
            "dist": {
                "type": "zip",
                "url": "https://api.github.com/repos/ephect-io/web-component/zipball/48d862f52e1c5d028a9ab5c3559cee0c9941fe05",
                "reference": "48d862f52e1c5d028a9ab5c3559cee0c9941fe05",
                "shasum": ""
            },
            "require": {
                "ephect-io/forms": "dev-develop",
                "ephect-io/framework": "dev-develop"
            },
            "bin": [
                "bin/ephect-io_web-component_install.sh",
                "bin/ephect-io_web-component_install.bat"
            ],
            "type": "library",
            "notification-url": "https://packagist.org/downloads/",
            "license": [
                "GPL-3.0+"
            ],
            "authors": [
                {
                    "name": "dpjb",
                    "email": "dpjb@hotmail.fr"
                }
            ],
            "description": "An Ephect framework plugin to build web components.",
            "homepage": "https://ephect.io",
            "support": {
                "issues": "https://github.com/ephect-io/web-component/issues",
                "source": "https://github.com/ephect-io/web-component/tree/develop"
            },
            "time": "2024-08-24T11:56:49+00:00"
        }
    ],
    "packages-dev": [],
    "aliases": [],
    "minimum-stability": "dev",
    "stability-flags": {
        "ephect-io/framework": 20,
        "ephect-io/forms": 20,
        "ephect-io/web-app": 20,
        "ephect-io/web-component": 20,
        "ephect-io/html-keeper": 20,
        "ephect-io/response-header": 20,
        "ephect-io/javascripts": 20
    },
    "prefer-stable": false,
    "prefer-lowest": false,
    "platform": [],
    "platform-dev": [],
    "plugin-api-version": "2.6.0"
}
